
Microsoft Visual Studio Solution File, Format Version 12.00
# Visual Studio 15
VisualStudioVersion = 15.0.26730.12
MinimumVisualStudioVersion = 10.0.40219.1
Project("{9A19103F-16F7-4668-BE54-9A1E7A4F7556}") = "HighAndLowNumberFromString", "HighAndLowNumberFromString\HighAndLowNumberFromString.csproj", "{F3F06289-D26E-4B73-9471-216F3DF9DB53}"
EndProject
Project("{FAE04EC0-301F-11D3-BF4B-00C04F79EFBC}") = "HighAndLowNumberFromString.Test", "HighAndLowNumberFromString.Test\HighAndLowNumberFromString.Test.csproj", "{B5FFD356-B34A-476F-A529-38801C2F36C9}"
EndProject
Project("{FAE04EC0-301F-11D3-BF4B-00C04F79EFBC}") = "ListFilterer.Test", "ListFilterer.Test\ListFilterer.Test.csproj", "{49F75DBB-CD17-47F6-9D93-4A9C9B9B7BB7}"
EndProject
Project("{FAE04EC0-301F-11D3-BF4B-00C04F79EFBC}") = "ListFilterer", "ListFilterer\ListFilterer.csproj", "{E7953032-B057-45D0-957D-C0DE86AC3F96}"
EndProject
Global
	GlobalSection(SolutionConfigurationPlatforms) = preSolution
		Debug|Any CPU = Debug|Any CPU
		Release|Any CPU = Release|Any CPU
	EndGlobalSection
	GlobalSection(ProjectConfigurationPlatforms) = postSolution
		{F3F06289-D26E-4B73-9471-216F3DF9DB53}.Debug|Any CPU.ActiveCfg = Debug|Any CPU
		{F3F06289-D26E-4B73-9471-216F3DF9DB53}.Debug|Any CPU.Build.0 = Debug|Any CPU
		{F3F06289-D26E-4B73-9471-216F3DF9DB53}.Release|Any CPU.ActiveCfg = Release|Any CPU
		{F3F06289-D26E-4B73-9471-216F3DF9DB53}.Release|Any CPU.Build.0 = Release|Any CPU
		{B5FFD356-B34A-476F-A529-38801C2F36C9}.Debug|Any CPU.ActiveCfg = Debug|Any CPU
		{B5FFD356-B34A-476F-A529-38801C2F36C9}.Debug|Any CPU.Build.0 = Debug|Any CPU
		{B5FFD356-B34A-476F-A529-38801C2F36C9}.Release|Any CPU.ActiveCfg = Release|Any CPU
		{B5FFD356-B34A-476F-A529-38801C2F36C9}.Release|Any CPU.Build.0 = Release|Any CPU
		{49F75DBB-CD17-47F6-9D93-4A9C9B9B7BB7}.Debug|Any CPU.ActiveCfg = Debug|Any CPU
		{49F75DBB-CD17-47F6-9D93-4A9C9B9B7BB7}.Debug|Any CPU.Build.0 = Debug|Any CPU
		{49F75DBB-CD17-47F6-9D93-4A9C9B9B7BB7}.Release|Any CPU.ActiveCfg = Release|Any CPU
		{49F75DBB-CD17-47F6-9D93-4A9C9B9B7BB7}.Release|Any CPU.Build.0 = Release|Any CPU
		{E7953032-B057-45D0-957D-C0DE86AC3F96}.Debug|Any CPU.ActiveCfg = Debug|Any CPU
		{E7953032-B057-45D0-957D-C0DE86AC3F96}.Debug|Any CPU.Build.0 = Debug|Any CPU
		{E7953032-B057-45D0-957D-C0DE86AC3F96}.Release|Any CPU.ActiveCfg = Release|Any CPU
		{E7953032-B057-45D0-957D-C0DE86AC3F96}.Release|Any CPU.Build.0 = Release|Any CPU
	EndGlobalSection
	GlobalSection(SolutionProperties) = preSolution
		HideSolutionNode = FALSE
	EndGlobalSection
	GlobalSection(ExtensibilityGlobals) = postSolution
		SolutionGuid = {7C937075-D3F2-47E9-A4BC-0452B8F8872B}
	EndGlobalSection
EndGlobal
